{
  "name": "download-this-image-text-chrome-extension",
  "version": "1.0.0",
  "lockfileVersion": 3,
  "requires": true,
  "packages": {
    "": {
      "name": "download-this-image-text-chrome-extension",
      "version": "1.0.0",
      "license": "Apache 2.0",
      "devDependencies": {
        "chrome-types": "0.1.306"
      }
    },
    "node_modules/chrome-types": {
      "version": "0.1.306",
      "resolved": "https://registry.npmjs.org/chrome-types/-/chrome-types-0.1.306.tgz",
      "integrity": "sha512-wm173T0CrSBRs0vSxn5s39WIjlwzQMliCD7TALWqhYMVRC0yeWcnxeYsPGwyffkGOHdqEGIEmXE3X2LRTsZP8w==",
      "dev": true
    }
  }
}
